
Microsoft Visual Studio Solution File, Format Version 12.00
# Visual Studio 15
VisualStudioVersion = 15.0.28307.421
MinimumVisualStudioVersion = 10.0.40219.1
Project("{FAE04EC0-301F-11D3-BF4B-00C04F79EFBC}") = "CodikSite", "CodikSite\CodikSite.csproj", "{0B7C8304-7D76-464D-B1AA-E1669ADAB6CE}"
EndProject
Global
	GlobalSection(SolutionConfigurationPlatforms) = preSolution
		Debug|Any CPU = Debug|Any CPU
		Release|Any CPU = Release|Any CPU
	EndGlobalSection
	GlobalSection(ProjectConfigurationPlatforms) = postSolution
		{0B7C8304-7D76-464D-B1AA-E1669ADAB6CE}.Debug|Any CPU.ActiveCfg = Debug|Any CPU
		{0B7C8304-7D76-464D-B1AA-E1669ADAB6CE}.Debug|Any CPU.Build.0 = Debug|Any CPU
		{0B7C8304-7D76-464D-B1AA-E1669ADAB6CE}.Release|Any CPU.ActiveCfg = Release|Any CPU
		{0B7C8304-7D76-464D-B1AA-E1669ADAB6CE}.Release|Any CPU.Build.0 = Release|Any CPU
	EndGlobalSection
	GlobalSection(SolutionProperties) = preSolution
		HideSolutionNode = FALSE
	EndGlobalSection
	GlobalSection(ExtensibilityGlobals) = postSolution
		SolutionGuid = {B8FDF114-45B5-4E94-A0EE-CF3C9EFCC448}
	EndGlobalSection
EndGlobal
